# This file is autogenerated, do not edit; changes may be undone by the next 'dep ensure'.


[[projects]]
  branch = "master"
  digest = "1:b8c4bc3a05c3f8c96f005ebb41ba31a9551eb015947cf51127b1cca896c2176d"
  name = "gonum.org/v1/gonum"
  packages = [
    "blas",
    "blas/blas64",
    "blas/gonum",
    "floats",
    "graph",
    "graph/encoding",
    "graph/encoding/dot",
    "graph/formats/dot",
    "graph/formats/dot/ast",
    "graph/formats/dot/internal/astx",
    "graph/formats/dot/internal/errors",
    "graph/formats/dot/internal/lexer",
    "graph/formats/dot/internal/parser",
    "graph/formats/dot/internal/token",
    "graph/internal/linear",
    "graph/internal/ordered",
    "graph/internal/set",
    "graph/internal/uid",
    "graph/iterator",
    "graph/simple",
    "graph/topo",
    "graph/traverse",
    "internal/asm/c128",
    "internal/asm/f32",
    "internal/asm/f64",
    "internal/math32",
    "lapack",
    "lapack/gonum",
    "lapack/lapack64",
    "mat",
  ]
  pruneopts = "UT"
  revision = "572d9101fe4fdede494f26999a59d09229b7c11b"

[solve-meta]
  analyzer-name = "dep"
  analyzer-version = 1
  input-imports = [
    "gonum.org/v1/gonum/graph",
    "gonum.org/v1/gonum/graph/encoding",
    "gonum.org/v1/gonum/graph/encoding/dot",
    "gonum.org/v1/gonum/graph/formats/dot",
    "gonum.org/v1/gonum/graph/formats/dot/ast",
    "gonum.org/v1/gonum/graph/internal/set",
    "gonum.org/v1/gonum/graph/iterator",
    "gonum.org/v1/gonum/graph/simple",
    "gonum.org/v1/gonum/graph/topo",
  ]
  solver-name = "gps-cdcl"
  solver-version = 1
